// !$*UTF8*$!
{
	archiveVersion = 1;
	classes = {
	};
	objectVersion = 77;
	objects = {

/* Begin PBXBuildFile section */
		505A86392CF8AC8500774FCD /* Base58Swift in Frameworks */ = {isa = PBXBuildFile; productRef = 505A86382CF8AC8500774FCD /* Base58Swift */; };
		5065AF042D12DC2300C067B5 /* BIP32 in Frameworks */ = {isa = PBXBuildFile; productRef = 5065AF032D12DC2300C067B5 /* BIP32 */; };
		50DA8F702CF4BC4E00099523 /* Nimble in Frameworks */ = {isa = PBXBuildFile; productRef = 50DA8F6F2CF4BC4E00099523 /* Nimble */; };
		50DA8F742CF4C1C800099523 /* secp256k1 in Frameworks */ = {isa = PBXBuildFile; productRef = 50DA8F732CF4C1C800099523 /* secp256k1 */; };
		50DA8F7A2CF5D43B00099523 /* secp256k1 in Frameworks */ = {isa = PBXBuildFile; productRef = 50DA8F792CF5D43B00099523 /* secp256k1 */; };
		50FA83082D003EB700856C6A /* BIP32 in Frameworks */ = {isa = PBXBuildFile; productRef = 50FA83072D003EB700856C6A /* BIP32 */; };
/* End PBXBuildFile section */

/* Begin PBXContainerItemProxy section */
		50DA8F522CF48B8B00099523 /* PBXContainerItemProxy */ = {
			isa = PBXContainerItemProxy;
			containerPortal = 50DA8F392CF48B8A00099523 /* Project object */;
			proxyType = 1;
			remoteGlobalIDString = 50DA8F402CF48B8A00099523;
			remoteInfo = Keysafe;
		};
		50DA8F5C2CF48B8B00099523 /* PBXContainerItemProxy */ = {
			isa = PBXContainerItemProxy;
			containerPortal = 50DA8F392CF48B8A00099523 /* Project object */;
			proxyType = 1;
			remoteGlobalIDString = 50DA8F402CF48B8A00099523;
			remoteInfo = Keysafe;
		};
/* End PBXContainerItemProxy section */

/* Begin PBXFileReference section */
		50DA8F412CF48B8A00099523 /* Keysafe.app */ = {isa = PBXFileReference; explicitFileType = wrapper.application; includeInIndex = 0; path = Keysafe.app; sourceTree = BUILT_PRODUCTS_DIR; };
		50DA8F512CF48B8B00099523 /* KeysafeTests.xctest */ = {isa = PBXFileReference; explicitFileType = wrapper.cfbundle; includeInIndex = 0; path = KeysafeTests.xctest; sourceTree = BUILT_PRODUCTS_DIR; };
		50DA8F5B2CF48B8B00099523 /* KeysafeUITests.xctest */ = {isa = PBXFileReference; explicitFileType = wrapper.cfbundle; includeInIndex = 0; path = KeysafeUITests.xctest; sourceTree = BUILT_PRODUCTS_DIR; };
/* End PBXFileReference section */

/* Begin PBXFileSystemSynchronizedBuildFileExceptionSet section */
		50DA8F782CF5D3F000099523 /* Exceptions for "Keysafe" folder in "KeysafeTests" target */ = {
			isa = PBXFileSystemSynchronizedBuildFileExceptionSet;
			membershipExceptions = (
				crypto/CryptoRepositories.swift,
				crypto/CryptoService.swift,
				crypto/Keys.swift,
			);
			target = 50DA8F502CF48B8B00099523 /* KeysafeTests */;
		};
/* End PBXFileSystemSynchronizedBuildFileExceptionSet section */

/* Begin PBXFileSystemSynchronizedRootGroup section */
		50DA8F432CF48B8A00099523 /* Keysafe */ = {
			isa = PBXFileSystemSynchronizedRootGroup;
			exceptions = (
				50DA8F782CF5D3F000099523 /* Exceptions for "Keysafe" folder in "KeysafeTests" target */,
			);
			path = Keysafe;
			sourceTree = "<group>";
		};
		50DA8F542CF48B8B00099523 /* KeysafeTests */ = {
			isa = PBXFileSystemSynchronizedRootGroup;
			path = KeysafeTests;
			sourceTree = "<group>";
		};
		50DA8F5E2CF48B8B00099523 /* KeysafeUITests */ = {
			isa = PBXFileSystemSynchronizedRootGroup;
			path = KeysafeUITests;
			sourceTree = "<group>";
		};
/* End PBXFileSystemSynchronizedRootGroup section */

/* Begin PBXFrameworksBuildPhase section */
		50DA8F3E2CF48B8A00099523 /* Frameworks */ = {
			isa = PBXFrameworksBuildPhase;
			buildActionMask = 2147483647;
			files = (
				50DA8F7A2CF5D43B00099523 /* secp256k1 in Frameworks */,
				5065AF042D12DC2300C067B5 /* BIP32 in Frameworks */,
			);
			runOnlyForDeploymentPostprocessing = 0;
		};
		50DA8F4E2CF48B8B00099523 /* Frameworks */ = {
			isa = PBXFrameworksBuildPhase;
			buildActionMask = 2147483647;
			files = (
				50DA8F702CF4BC4E00099523 /* Nimble in Frameworks */,
				50FA83082D003EB700856C6A /* BIP32 in Frameworks */,
				505A86392CF8AC8500774FCD /* Base58Swift in Frameworks */,
				50DA8F742CF4C1C800099523 /* secp256k1 in Frameworks */,
			);
			runOnlyForDeploymentPostprocessing = 0;
		};
		50DA8F582CF48B8B00099523 /* Frameworks */ = {
			isa = PBXFrameworksBuildPhase;
			buildActionMask = 2147483647;
			files = (
			);
			runOnlyForDeploymentPostprocessing = 0;
		};
/* End PBXFrameworksBuildPhase section */

/* Begin PBXGroup section */
		50DA8F382CF48B8A00099523 = {
			isa = PBXGroup;
			children = (
				50DA8F432CF48B8A00099523 /* Keysafe */,
				50DA8F542CF48B8B00099523 /* KeysafeTests */,
				50DA8F5E2CF48B8B00099523 /* KeysafeUITests */,
				50DA8F722CF4C1C800099523 /* Frameworks */,
				50DA8F422CF48B8A00099523 /* Products */,
			);
			sourceTree = "<group>";
		};
		50DA8F422CF48B8A00099523 /* Products */ = {
			isa = PBXGroup;
			children = (
				50DA8F412CF48B8A00099523 /* Keysafe.app */,
				50DA8F512CF48B8B00099523 /* KeysafeTests.xctest */,
				50DA8F5B2CF48B8B00099523 /* KeysafeUITests.xctest */,
			);
			name = Products;
			sourceTree = "<group>";
		};
		50DA8F722CF4C1C800099523 /* Frameworks */ = {
			isa = PBXGroup;
			children = (
			);
			name = Frameworks;
			sourceTree = "<group>";
		};
/* End PBXGroup section */

/* Begin PBXNativeTarget section */
		50DA8F402CF48B8A00099523 /* Keysafe */ = {
			isa = PBXNativeTarget;
			buildConfigurationList = 50DA8F652CF48B8B00099523 /* Build configuration list for PBXNativeTarget "Keysafe" */;
			buildPhases = (
				50DA8F3D2CF48B8A00099523 /* Sources */,
				50DA8F3E2CF48B8A00099523 /* Frameworks */,
				50DA8F3F2CF48B8A00099523 /* Resources */,
			);
			buildRules = (
			);
			dependencies = (
			);
			fileSystemSynchronizedGroups = (
				50DA8F432CF48B8A00099523 /* Keysafe */,
			);
			name = Keysafe;
			packageProductDependencies = (
				50DA8F792CF5D43B00099523 /* secp256k1 */,
				5065AF032D12DC2300C067B5 /* BIP32 */,
			);
			productName = Keysafe;
			productReference = 50DA8F412CF48B8A00099523 /* Keysafe.app */;
			productType = "com.apple.product-type.application";
		};
		50DA8F502CF48B8B00099523 /* KeysafeTests */ = {
			isa = PBXNativeTarget;
			buildConfigurationList = 50DA8F682CF48B8B00099523 /* Build configuration list for PBXNativeTarget "KeysafeTests" */;
			buildPhases = (
				50DA8F4D2CF48B8B00099523 /* Sources */,
				50DA8F4E2CF48B8B00099523 /* Frameworks */,
				50DA8F4F2CF48B8B00099523 /* Resources */,
			);
			buildRules = (
			);
			dependencies = (
				50DA8F532CF48B8B00099523 /* PBXTargetDependency */,
			);
			fileSystemSynchronizedGroups = (
				50DA8F542CF48B8B00099523 /* KeysafeTests */,
			);
			name = KeysafeTests;
			packageProductDependencies = (
				50DA8F6F2CF4BC4E00099523 /* Nimble */,
				50DA8F732CF4C1C800099523 /* secp256k1 */,
				505A86382CF8AC8500774FCD /* Base58Swift */,
				50FA83072D003EB700856C6A /* BIP32 */,
			);
			productName = KeysafeTests;
			productReference = 50DA8F512CF48B8B00099523 /* KeysafeTests.xctest */;
			productType = "com.apple.product-type.bundle.unit-test";
		};
		50DA8F5A2CF48B8B00099523 /* KeysafeUITests */ = {
			isa = PBXNativeTarget;
			buildConfigurationList = 50DA8F6B2CF48B8B00099523 /* Build configuration list for PBXNativeTarget "KeysafeUITests" */;
			buildPhases = (
				50DA8F572CF48B8B00099523 /* Sources */,
				50DA8F582CF48B8B00099523 /* Frameworks */,
				50DA8F592CF48B8B00099523 /* Resources */,
			);
			buildRules = (
			);
			dependencies = (
				50DA8F5D2CF48B8B00099523 /* PBXTargetDependency */,
			);
			fileSystemSynchronizedGroups = (
				50DA8F5E2CF48B8B00099523 /* KeysafeUITests */,
			);
			name = KeysafeUITests;
			packageProductDependencies = (
			);
			productName = KeysafeUITests;
			productReference = 50DA8F5B2CF48B8B00099523 /* KeysafeUITests.xctest */;
			productType = "com.apple.product-type.bundle.ui-testing";
		};
/* End PBXNativeTarget section */

/* Begin PBXProject section */
		50DA8F392CF48B8A00099523 /* Project object */ = {
			isa = PBXProject;
			attributes = {
				BuildIndependentTargetsInParallel = 1;
				LastSwiftUpdateCheck = 1610;
				LastUpgradeCheck = 1610;
				TargetAttributes = {
					50DA8F402CF48B8A00099523 = {
						CreatedOnToolsVersion = 16.1;
					};
					50DA8F502CF48B8B00099523 = {
						CreatedOnToolsVersion = 16.1;
						TestTargetID = 50DA8F402CF48B8A00099523;
					};
					50DA8F5A2CF48B8B00099523 = {
						CreatedOnToolsVersion = 16.1;
						TestTargetID = 50DA8F402CF48B8A00099523;
					};
				};
			};
			buildConfigurationList = 50DA8F3C2CF48B8A00099523 /* Build configuration list for PBXProject "Keysafe" */;
			developmentRegion = en;
			hasScannedForEncodings = 0;
			knownRegions = (
				en,
				Base,
			);
			mainGroup = 50DA8F382CF48B8A00099523;
			minimizedProjectReferenceProxies = 1;
			packageReferences = (
				50DA8F6E2CF4BC4E00099523 /* XCRemoteSwiftPackageReference "Nimble" */,
				50DA8F712CF4C0D400099523 /* XCRemoteSwiftPackageReference "secp256k1" */,
				505A86372CF8AC8500774FCD /* XCRemoteSwiftPackageReference "Base58Swift" */,
				50FA83062D003EB700856C6A /* XCRemoteSwiftPackageReference "BIP32" */,
			);
			preferredProjectObjectVersion = 77;
			productRefGroup = 50DA8F422CF48B8A00099523 /* Products */;
			projectDirPath = "";
			projectRoot = "";
			targets = (
				50DA8F402CF48B8A00099523 /* Keysafe */,
				50DA8F502CF48B8B00099523 /* KeysafeTests */,
				50DA8F5A2CF48B8B00099523 /* KeysafeUITests */,
			);
		};
/* End PBXProject section */

/* Begin PBXResourcesBuildPhase section */
		50DA8F3F2CF48B8A00099523 /* Resources */ = {
			isa = PBXResourcesBuildPhase;
			buildActionMask = 2147483647;
			files = (
			);
			runOnlyForDeploymentPostprocessing = 0;
		};
		50DA8F4F2CF48B8B00099523 /* Resources */ = {
			isa = PBXResourcesBuildPhase;
			buildActionMask = 2147483647;
			files = (
			);
			runOnlyForDeploymentPostprocessing = 0;
		};
		50DA8F592CF48B8B00099523 /* Resources */ = {
			isa = PBXResourcesBuildPhase;
			buildActionMask = 2147483647;
			files = (
			);
			runOnlyForDeploymentPostprocessing = 0;
		};
/* End PBXResourcesBuildPhase section */

/* Begin PBXSourcesBuildPhase section */
		50DA8F3D2CF48B8A00099523 /* Sources */ = {
			isa = PBXSourcesBuildPhase;
			buildActionMask = 2147483647;
			files = (
			);
			runOnlyForDeploymentPostprocessing = 0;
		};
		50DA8F4D2CF48B8B00099523 /* Sources */ = {
			isa = PBXSourcesBuildPhase;
			buildActionMask = 2147483647;
			files = (
			);
			runOnlyForDeploymentPostprocessing = 0;
		};
		50DA8F572CF48B8B00099523 /* Sources */ = {
			isa = PBXSourcesBuildPhase;
			buildActionMask = 2147483647;
			files = (
			);
			runOnlyForDeploymentPostprocessing = 0;
		};
/* End PBXSourcesBuildPhase section */

/* Begin PBXTargetDependency section */
		50DA8F532CF48B8B00099523 /* PBXTargetDependency */ = {
			isa = PBXTargetDependency;
			target = 50DA8F402CF48B8A00099523 /* Keysafe */;
			targetProxy = 50DA8F522CF48B8B00099523 /* PBXContainerItemProxy */;
		};
		50DA8F5D2CF48B8B00099523 /* PBXTargetDependency */ = {
			isa = PBXTargetDependency;
			target = 50DA8F402CF48B8A00099523 /* Keysafe */;
			targetProxy = 50DA8F5C2CF48B8B00099523 /* PBXContainerItemProxy */;
		};
/* End PBXTargetDependency section */

/* Begin XCBuildConfiguration section */
		50DA8F632CF48B8B00099523 /* Debug */ = {
			isa = XCBuildConfiguration;
			buildSettings = {
				ALWAYS_SEARCH_USER_PATHS = NO;
				ASSETCATALOG_COMPILER_GENERATE_SWIFT_ASSET_SYMBOL_EXTENSIONS = YES;
				CLANG_ANALYZER_NONNULL = YES;
				CLANG_ANALYZER_NUMBER_OBJECT_CONVERSION = YES_AGGRESSIVE;
				CLANG_CXX_LANGUAGE_STANDARD = "gnu++20";
				CLANG_ENABLE_MODULES = YES;
				CLANG_ENABLE_OBJC_ARC = YES;
				CLANG_ENABLE_OBJC_WEAK = YES;
				CLANG_WARN_BLOCK_CAPTURE_AUTORELEASING = YES;
				CLANG_WARN_BOOL_CONVERSION = YES;
				CLANG_WARN_COMMA = YES;
				CLANG_WARN_CONSTANT_CONVERSION = YES;
				CLANG_WARN_DEPRECATED_OBJC_IMPLEMENTATIONS = YES;
				CLANG_WARN_DIRECT_OBJC_ISA_USAGE = YES_ERROR;
				CLANG_WARN_DOCUMENTATION_COMMENTS = YES;
				CLANG_WARN_EMPTY_BODY = YES;
				CLANG_WARN_ENUM_CONVERSION = YES;
				CLANG_WARN_INFINITE_RECURSION = YES;
				CLANG_WARN_INT_CONVERSION = YES;
				CLANG_WARN_NON_LITERAL_NULL_CONVERSION = YES;
				CLANG_WARN_OBJC_IMPLICIT_RETAIN_SELF = YES;
				CLANG_WARN_OBJC_LITERAL_CONVERSION = YES;
				CLANG_WARN_OBJC_ROOT_CLASS = YES_ERROR;
				CLANG_WARN_QUOTED_INCLUDE_IN_FRAMEWORK_HEADER = YES;
				CLANG_WARN_RANGE_LOOP_ANALYSIS = YES;
				CLANG_WARN_STRICT_PROTOTYPES = YES;
				CLANG_WARN_SUSPICIOUS_MOVE = YES;
				CLANG_WARN_UNGUARDED_AVAILABILITY = YES_AGGRESSIVE;
				CLANG_WARN_UNREACHABLE_CODE = YES;
				CLANG_WARN__DUPLICATE_METHOD_MATCH = YES;
				COPY_PHASE_STRIP = NO;
				DEBUG_INFORMATION_FORMAT = dwarf;
				ENABLE_STRICT_OBJC_MSGSEND = YES;
				ENABLE_TESTABILITY = YES;
				ENABLE_USER_SCRIPT_SANDBOXING = YES;
				GCC_C_LANGUAGE_STANDARD = gnu17;
				GCC_DYNAMIC_NO_PIC = NO;
				GCC_NO_COMMON_BLOCKS = YES;
				GCC_OPTIMIZATION_LEVEL = 0;
				GCC_PREPROCESSOR_DEFINITIONS = (
					"DEBUG=1",
					"$(inherited)",
				);
				GCC_WARN_64_TO_32_BIT_CONVERSION = YES;
				GCC_WARN_ABOUT_RETURN_TYPE = YES_ERROR;
				GCC_WARN_UNDECLARED_SELECTOR = YES;
				GCC_WARN_UNINITIALIZED_AUTOS = YES_AGGRESSIVE;
				GCC_WARN_UNUSED_FUNCTION = YES;
				GCC_WARN_UNUSED_VARIABLE = YES;
				IPHONEOS_DEPLOYMENT_TARGET = 18.1;
				LOCALIZATION_PREFERS_STRING_CATALOGS = YES;
				MTL_ENABLE_DEBUG_INFO = INCLUDE_SOURCE;
				MTL_FAST_MATH = YES;
				ONLY_ACTIVE_ARCH = YES;
				SDKROOT = iphoneos;
				SWIFT_ACTIVE_COMPILATION_CONDITIONS = "DEBUG $(inherited)";
				SWIFT_OPTIMIZATION_LEVEL = "-Onone";
			};
			name = Debug;
		};
		50DA8F642CF48B8B00099523 /* Release */ = {
			isa = XCBuildConfiguration;
			buildSettings = {
				ALWAYS_SEARCH_USER_PATHS = NO;
				ASSETCATALOG_COMPILER_GENERATE_SWIFT_ASSET_SYMBOL_EXTENSIONS = YES;
				CLANG_ANALYZER_NONNULL = YES;
				CLANG_ANALYZER_NUMBER_OBJECT_CONVERSION = YES_AGGRESSIVE;
				CLANG_CXX_LANGUAGE_STANDARD = "gnu++20";
				CLANG_ENABLE_MODULES = YES;
				CLANG_ENABLE_OBJC_ARC = YES;
				CLANG_ENABLE_OBJC_WEAK = YES;
				CLANG_WARN_BLOCK_CAPTURE_AUTORELEASING = YES;
				CLANG_WARN_BOOL_CONVERSION = YES;
				CLANG_WARN_COMMA = YES;
				CLANG_WARN_CONSTANT_CONVERSION = YES;
				CLANG_WARN_DEPRECATED_OBJC_IMPLEMENTATIONS = YES;
				CLANG_WARN_DIRECT_OBJC_ISA_USAGE = YES_ERROR;
				CLANG_WARN_DOCUMENTATION_COMMENTS = YES;
				CLANG_WARN_EMPTY_BODY = YES;
				CLANG_WARN_ENUM_CONVERSION = YES;
				CLANG_WARN_INFINITE_RECURSION = YES;
				CLANG_WARN_INT_CONVERSION = YES;
				CLANG_WARN_NON_LITERAL_NULL_CONVERSION = YES;
				CLANG_WARN_OBJC_IMPLICIT_RETAIN_SELF = YES;
				CLANG_WARN_OBJC_LITERAL_CONVERSION = YES;
				CLANG_WARN_OBJC_ROOT_CLASS = YES_ERROR;
				CLANG_WARN_QUOTED_INCLUDE_IN_FRAMEWORK_HEADER = YES;
				CLANG_WARN_RANGE_LOOP_ANALYSIS = YES;
				CLANG_WARN_STRICT_PROTOTYPES = YES;
				CLANG_WARN_SUSPICIOUS_MOVE = YES;
				CLANG_WARN_UNGUARDED_AVAILABILITY = YES_AGGRESSIVE;
				CLANG_WARN_UNREACHABLE_CODE = YES;
				CLANG_WARN__DUPLICATE_METHOD_MATCH = YES;
				COPY_PHASE_STRIP = NO;
				DEBUG_INFORMATION_FORMAT = "dwarf-with-dsym";
				ENABLE_NS_ASSERTIONS = NO;
				ENABLE_STRICT_OBJC_MSGSEND = YES;
				ENABLE_USER_SCRIPT_SANDBOXING = YES;
				GCC_C_LANGUAGE_STANDARD = gnu17;
				GCC_NO_COMMON_BLOCKS = YES;
				GCC_WARN_64_TO_32_BIT_CONVERSION = YES;
				GCC_WARN_ABOUT_RETURN_TYPE = YES_ERROR;
				GCC_WARN_UNDECLARED_SELECTOR = YES;
				GCC_WARN_UNINITIALIZED_AUTOS = YES_AGGRESSIVE;
				GCC_WARN_UNUSED_FUNCTION = YES;
				GCC_WARN_UNUSED_VARIABLE = YES;
				IPHONEOS_DEPLOYMENT_TARGET = 18.1;
				LOCALIZATION_PREFERS_STRING_CATALOGS = YES;
				MTL_ENABLE_DEBUG_INFO = NO;
				MTL_FAST_MATH = YES;
				SDKROOT = iphoneos;
				SWIFT_COMPILATION_MODE = wholemodule;
				VALIDATE_PRODUCT = YES;
			};
			name = Release;
		};
		50DA8F662CF48B8B00099523 /* Debug */ = {
			isa = XCBuildConfiguration;
			buildSettings = {
				ASSETCATALOG_COMPILER_APPICON_NAME = AppIcon;
				ASSETCATALOG_COMPILER_GLOBAL_ACCENT_COLOR_NAME = AccentColor;
				CODE_SIGN_STYLE = Automatic;
				CURRENT_PROJECT_VERSION = 1;
				DEVELOPMENT_ASSET_PATHS = "\"Keysafe/Preview Content\"";
				DEVELOPMENT_TEAM = W4YR62S33P;
				ENABLE_PREVIEWS = YES;
				GENERATE_INFOPLIST_FILE = YES;
				INFOPLIST_KEY_UIApplicationSceneManifest_Generation = YES;
				INFOPLIST_KEY_UIApplicationSupportsIndirectInputEvents = YES;
				INFOPLIST_KEY_UILaunchScreen_Generation = YES;
				INFOPLIST_KEY_UISupportedInterfaceOrientations_iPad = "UIInterfaceOrientationPortrait UIInterfaceOrientationPortraitUpsideDown UIInterfaceOrientationLandscapeLeft UIInterfaceOrientationLandscapeRight";
				INFOPLIST_KEY_UISupportedInterfaceOrientations_iPhone = "UIInterfaceOrientationPortrait UIInterfaceOrientationLandscapeLeft UIInterfaceOrientationLandscapeRight";
				LD_RUNPATH_SEARCH_PATHS = (
					"$(inherited)",
					"@executable_path/Frameworks",
				);
				MARKETING_VERSION = 1.0;
				PRODUCT_BUNDLE_IDENTIFIER = space.keysafe.Keysafe;
				PRODUCT_NAME = "$(TARGET_NAME)";
				SWIFT_EMIT_LOC_STRINGS = YES;
				SWIFT_VERSION = 5.0;
				TARGETED_DEVICE_FAMILY = "1,2";
			};
			name = Debug;
		};
		50DA8F672CF48B8B00099523 /* Release */ = {
			isa = XCBuildConfiguration;
			buildSettings = {
				ASSETCATALOG_COMPILER_APPICON_NAME = AppIcon;
				ASSETCATALOG_COMPILER_GLOBAL_ACCENT_COLOR_NAME = AccentColor;
				CODE_SIGN_STYLE = Automatic;
				CURRENT_PROJECT_VERSION = 1;
				DEVELOPMENT_ASSET_PATHS = "\"Keysafe/Preview Content\"";
				DEVELOPMENT_TEAM = W4YR62S33P;
				ENABLE_PREVIEWS = YES;
				GENERATE_INFOPLIST_FILE = YES;
				INFOPLIST_KEY_UIApplicationSceneManifest_Generation = YES;
				INFOPLIST_KEY_UIApplicationSupportsIndirectInputEvents = YES;
				INFOPLIST_KEY_UILaunchScreen_Generation = YES;
				INFOPLIST_KEY_UISupportedInterfaceOrientations_iPad = "UIInterfaceOrientationPortrait UIInterfaceOrientationPortraitUpsideDown UIInterfaceOrientationLandscapeLeft UIInterfaceOrientationLandscapeRight";
				INFOPLIST_KEY_UISupportedInterfaceOrientations_iPhone = "UIInterfaceOrientationPortrait UIInterfaceOrientationLandscapeLeft UIInterfaceOrientationLandscapeRight";
				LD_RUNPATH_SEARCH_PATHS = (
					"$(inherited)",
					"@executable_path/Frameworks",
				);
				MARKETING_VERSION = 1.0;
				PRODUCT_BUNDLE_IDENTIFIER = space.keysafe.Keysafe;
				PRODUCT_NAME = "$(TARGET_NAME)";
				SWIFT_EMIT_LOC_STRINGS = YES;
				SWIFT_VERSION = 5.0;
				TARGETED_DEVICE_FAMILY = "1,2";
			};
			name = Release;
		};
		50DA8F692CF48B8B00099523 /* Debug */ = {
			isa = XCBuildConfiguration;
			buildSettings = {
				BUNDLE_LOADER = "$(TEST_HOST)";
				CODE_SIGN_STYLE = Automatic;
				CURRENT_PROJECT_VERSION = 1;
				DEVELOPMENT_TEAM = W4YR62S33P;
				GENERATE_INFOPLIST_FILE = YES;
				IPHONEOS_DEPLOYMENT_TARGET = 18.1;
				MARKETING_VERSION = 1.0;
				PRODUCT_BUNDLE_IDENTIFIER = space.keysafe.KeysafeTests;
				PRODUCT_NAME = "$(TARGET_NAME)";
				SWIFT_EMIT_LOC_STRINGS = NO;
				SWIFT_VERSION = 5.0;
				TARGETED_DEVICE_FAMILY = "1,2";
				TEST_HOST = "$(BUILT_PRODUCTS_DIR)/Keysafe.app/$(BUNDLE_EXECUTABLE_FOLDER_PATH)/Keysafe";
			};
			name = Debug;
		};
		50DA8F6A2CF48B8B00099523 /* Release */ = {
			isa = XCBuildConfiguration;
			buildSettings = {
				BUNDLE_LOADER = "$(TEST_HOST)";
				CODE_SIGN_STYLE = Automatic;
				CURRENT_PROJECT_VERSION = 1;
				DEVELOPMENT_TEAM = W4YR62S33P;
				GENERATE_INFOPLIST_FILE = YES;
				IPHONEOS_DEPLOYMENT_TARGET = 18.1;
				MARKETING_VERSION = 1.0;
				PRODUCT_BUNDLE_IDENTIFIER = space.keysafe.KeysafeTests;
				PRODUCT_NAME = "$(TARGET_NAME)";
				SWIFT_EMIT_LOC_STRINGS = NO;
				SWIFT_VERSION = 5.0;
				TARGETED_DEVICE_FAMILY = "1,2";
				TEST_HOST = "$(BUILT_PRODUCTS_DIR)/Keysafe.app/$(BUNDLE_EXECUTABLE_FOLDER_PATH)/Keysafe";
			};
			name = Release;
		};
		50DA8F6C2CF48B8B00099523 /* Debug */ = {
			isa = XCBuildConfiguration;
			buildSettings = {
				CODE_SIGN_STYLE = Automatic;
				CURRENT_PROJECT_VERSION = 1;
				DEVELOPMENT_TEAM = W4YR62S33P;
				GENERATE_INFOPLIST_FILE = YES;
				MARKETING_VERSION = 1.0;
				PRODUCT_BUNDLE_IDENTIFIER = space.keysafe.KeysafeUITests;
				PRODUCT_NAME = "$(TARGET_NAME)";
				SWIFT_EMIT_LOC_STRINGS = NO;
				SWIFT_VERSION = 5.0;
				TARGETED_DEVICE_FAMILY = "1,2";
				TEST_TARGET_NAME = Keysafe;
			};
			name = Debug;
		};
		50DA8F6D2CF48B8B00099523 /* Release */ = {
			isa = XCBuildConfiguration;
			buildSettings = {
				CODE_SIGN_STYLE = Automatic;
				CURRENT_PROJECT_VERSION = 1;
				DEVELOPMENT_TEAM = W4YR62S33P;
				GENERATE_INFOPLIST_FILE = YES;
				MARKETING_VERSION = 1.0;
				PRODUCT_BUNDLE_IDENTIFIER = space.keysafe.KeysafeUITests;
				PRODUCT_NAME = "$(TARGET_NAME)";
				SWIFT_EMIT_LOC_STRINGS = NO;
				SWIFT_VERSION = 5.0;
				TARGETED_DEVICE_FAMILY = "1,2";
				TEST_TARGET_NAME = Keysafe;
			};
			name = Release;
		};
/* End XCBuildConfiguration section */

/* Begin XCConfigurationList section */
		50DA8F3C2CF48B8A00099523 /* Build configuration list for PBXProject "Keysafe" */ = {
			isa = XCConfigurationList;
			buildConfigurations = (
				50DA8F632CF48B8B00099523 /* Debug */,
				50DA8F642CF48B8B00099523 /* Release */,
			);
			defaultConfigurationIsVisible = 0;
			defaultConfigurationName = Release;
		};
		50DA8F652CF48B8B00099523 /* Build configuration list for PBXNativeTarget "Keysafe" */ = {
			isa = XCConfigurationList;
			buildConfigurations = (
				50DA8F662CF48B8B00099523 /* Debug */,
				50DA8F672CF48B8B00099523 /* Release */,
			);
			defaultConfigurationIsVisible = 0;
			defaultConfigurationName = Release;
		};
		50DA8F682CF48B8B00099523 /* Build configuration list for PBXNativeTarget "KeysafeTests" */ = {
			isa = XCConfigurationList;
			buildConfigurations = (
				50DA8F692CF48B8B00099523 /* Debug */,
				50DA8F6A2CF48B8B00099523 /* Release */,
			);
			defaultConfigurationIsVisible = 0;
			defaultConfigurationName = Release;
		};
		50DA8F6B2CF48B8B00099523 /* Build configuration list for PBXNativeTarget "KeysafeUITests" */ = {
			isa = XCConfigurationList;
			buildConfigurations = (
				50DA8F6C2CF48B8B00099523 /* Debug */,
				50DA8F6D2CF48B8B00099523 /* Release */,
			);
			defaultConfigurationIsVisible = 0;
			defaultConfigurationName = Release;
		};
/* End XCConfigurationList section */

/* Begin XCRemoteSwiftPackageReference section */
		505A86372CF8AC8500774FCD /* XCRemoteSwiftPackageReference "Base58Swift" */ = {
			isa = XCRemoteSwiftPackageReference;
			repositoryURL = "https://github.com/keefertaylor/Base58Swift";
			requirement = {
				kind = upToNextMajorVersion;
				minimumVersion = 2.1.14;
			};
		};
		50DA8F6E2CF4BC4E00099523 /* XCRemoteSwiftPackageReference "Nimble" */ = {
			isa = XCRemoteSwiftPackageReference;
			repositoryURL = "https://github.com/Quick/Nimble.git";
			requirement = {
				branch = main;
				kind = branch;
			};
		};
		50DA8F712CF4C0D400099523 /* XCRemoteSwiftPackageReference "secp256k1" */ = {
			isa = XCRemoteSwiftPackageReference;
			repositoryURL = "https://github.com/GigaBitcoin/secp256k1.swift";
			requirement = {
				kind = upToNextMajorVersion;
				minimumVersion = 0.18.0;
			};
		};
		50FA83062D003EB700856C6A /* XCRemoteSwiftPackageReference "BIP32" */ = {
			isa = XCRemoteSwiftPackageReference;
			repositoryURL = "https://github.com/zeugmaster/BIP32.git";
			requirement = {
				branch = main;
				kind = branch;
			};
		};
/* End XCRemoteSwiftPackageReference section */

/* Begin XCSwiftPackageProductDependency section */
		505A86382CF8AC8500774FCD /* Base58Swift */ = {
			isa = XCSwiftPackageProductDependency;
			package = 505A86372CF8AC8500774FCD /* XCRemoteSwiftPackageReference "Base58Swift" */;
			productName = Base58Swift;
		};
		5065AF032D12DC2300C067B5 /* BIP32 */ = {
			isa = XCSwiftPackageProductDependency;
			package = 50FA83062D003EB700856C6A /* XCRemoteSwiftPackageReference "BIP32" */;
			productName = BIP32;
		};
		50DA8F6F2CF4BC4E00099523 /* Nimble */ = {
			isa = XCSwiftPackageProductDependency;
			package = 50DA8F6E2CF4BC4E00099523 /* XCRemoteSwiftPackageReference "Nimble" */;
			productName = Nimble;
		};
		50DA8F732CF4C1C800099523 /* secp256k1 */ = {
			isa = XCSwiftPackageProductDependency;
			package = 50DA8F712CF4C0D400099523 /* XCRemoteSwiftPackageReference "secp256k1" */;
			productName = secp256k1;
		};
		50DA8F792CF5D43B00099523 /* secp256k1 */ = {
			isa = XCSwiftPackageProductDependency;
			package = 50DA8F712CF4C0D400099523 /* XCRemoteSwiftPackageReference "secp256k1" */;
			productName = secp256k1;
		};
		50FA83072D003EB700856C6A /* BIP32 */ = {
			isa = XCSwiftPackageProductDependency;
			package = 50FA83062D003EB700856C6A /* XCRemoteSwiftPackageReference "BIP32" */;
			productName = BIP32;
		};
/* End XCSwiftPackageProductDependency section */
	};
	rootObject = 50DA8F392CF48B8A00099523 /* Project object */;
}
